<Solution>
  <Folder Name="/Task0/">
    <Project Path="Tyuiu.NechaevYA.Sprint0.Task0.V0/Tyuiu.NechaevYA.Sprint0.Task0.V0.csproj" Id="142e0736-bb58-4b7a-b2cb-0fe27e42eb0e" />
  </Folder>
  <Folder Name="/Task1/">
    <Project Path="Tyuiu.NechaevYA.Sprint0.Task1.V0/Tyuiu.NechaevYA.Sprint0.Task1.V0.csproj" Id="5191e1c4-aa9b-4c2a-9456-2f5e8edcfd3b" />
  </Folder>
  <Folder Name="/Task2/">
    <Project Path="Tyuiu.NechaevYA.Sprint0.Task2.V0.Lib/Tyuiu.NechaevYA.Sprint0.Task2.V0.Lib.csproj" Id="d23acdae-e653-4f49-bd43-e71ec0b2bf7f" />
    <Project Path="Tyuiu.NechaevYA.Sprint0.Task2.V0.Test/Tyuiu.NechaevYA.Sprint0.Task2.V0.Test.csproj" Id="ad0346f4-5516-41dc-84bf-b10fc46632cf" />
    <Project Path="Tyuiu.NechaevYA.Sprint0.Task2.V0/Tyuiu.NechaevYA.Sprint0.Task2.V0.csproj" Id="6dfc6779-dc01-4b8c-9ffc-f2326d7d21ed" />
  </Folder>
  <Folder Name="/Task3/">
    <Project Path="Tyuiu.NechaevYA.Sprint0.Task3.V0.Lib/Tyuiu.NechaevYA.Sprint0.Task3.V0.Lib.csproj" Id="08090eb4-5fb4-4105-83cc-2fce9699c64c" />
    <Project Path="Tyuiu.NechaevYA.Sprint0.Task3.V0.Test/Tyuiu.NechaevYA.Sprint0.Task3.V0.Test.csproj" Id="8acae212-81a9-4a24-8a3a-ba8cc979403d" />
    <Project Path="Tyuiu.NechaevYA.Sprint0.Task3.V0/Tyuiu.NechaevYA.Sprint0.Task3.V0.csproj" Id="ef6a8a1d-0dec-45b4-9389-d71b10891904" />
  </Folder>
  <Folder Name="/Task4/">
    <Project Path="Tyuiu.NechaevYA.Sprint0.Task4.V0.Lib/Tyuiu.NechaevYA.Sprint0.Task4.V0.Lib.csproj" Id="45da028c-13f3-4aba-ab9c-0a582841b5e5" />
    <Project Path="Tyuiu.NechaevYA.Sprint0.Task4.V0.Test/Tyuiu.NechaevYA.Sprint0.Task4.V0.Test.csproj" Id="d6b14afa-8bfd-4f3b-8b05-ddb2b94b2451" />
    <Project Path="Tyuiu.NechaevYA.Sprint0.Task4.V0/Tyuiu.NechaevYA.Sprint0.Task4.V0.csproj" Id="29081a93-935f-497e-b36d-670b8d2a44d0" />
  </Folder>
</Solution>
